Microsoft Visual Studio Solution File, Format Version 11.00
# Visual Studio 2008

Project("{AE05427B-7C46-617E-92AC-9F5371F92F24}") = "Movuino_Controler", "Assembly-CSharp.csproj", "{51EA48DA-2E40-434B-BA90-0B7D63F291B5}"
EndProject
Global
	GlobalSection(SolutionConfigurationPlatforms) = preSolution
		Debug|Any CPU = Debug|Any CPU
		Release|Any CPU = Release|Any CPU
	EndGlobalSection
	GlobalSection(ProjectConfigurationPlatforms) = postSolution
		{51EA48DA-2E40-434B-BA90-0B7D63F291B5}.Debug|Any CPU.ActiveCfg = Debug|Any CPU
		{51EA48DA-2E40-434B-BA90-0B7D63F291B5}.Debug|Any CPU.Build.0 = Debug|Any CPU
		{51EA48DA-2E40-434B-BA90-0B7D63F291B5}.Release|Any CPU.ActiveCfg = Release|Any CPU
		{51EA48DA-2E40-434B-BA90-0B7D63F291B5}.Release|Any CPU.Build.0 = Release|Any CPU
	EndGlobalSection
	GlobalSection(SolutionProperties) = preSolution
		HideSolutionNode = FALSE
	EndGlobalSection
	GlobalSection(MonoDevelopProperties) = preSolution
		StartupItem = Assembly-CSharp.csproj
	EndGlobalSection
EndGlobal
